
Microsoft Visual Studio Solution File, Format Version 12.00
# Visual Studio Version 17
VisualStudioVersion = 17.5.33516.290
MinimumVisualStudioVersion = 10.0.40219.1
Project("{9A19103F-16F7-4668-BE54-9A1E7A4F7556}") = "DataAccessLibrary", "DataAccessLibrary\DataAccessLibrary.csproj", "{DE8CE5B9-1FBF-44B4-B86C-62C9DF1724F7}"
EndProject
Project("{9A19103F-16F7-4668-BE54-9A1E7A4F7556}") = "LibraryManagement.Desktop", "LibraryManagement.Desktop\LibraryManagement.Desktop.csproj", "{3BBDEC7A-3461-44D7-8486-68E0DD35EBD1}"
EndProject
Global
	GlobalSection(SolutionConfigurationPlatforms) = preSolution
		Debug|Any CPU = Debug|Any CPU
		Release|Any CPU = Release|Any CPU
	EndGlobalSection
	GlobalSection(ProjectConfigurationPlatforms) = postSolution
		{DE8CE5B9-1FBF-44B4-B86C-62C9DF1724F7}.Debug|Any CPU.ActiveCfg = Debug|Any CPU
		{DE8CE5B9-1FBF-44B4-B86C-62C9DF1724F7}.Debug|Any CPU.Build.0 = Debug|Any CPU
		{DE8CE5B9-1FBF-44B4-B86C-62C9DF1724F7}.Release|Any CPU.ActiveCfg = Release|Any CPU
		{DE8CE5B9-1FBF-44B4-B86C-62C9DF1724F7}.Release|Any CPU.Build.0 = Release|Any CPU
		{3BBDEC7A-3461-44D7-8486-68E0DD35EBD1}.Debug|Any CPU.ActiveCfg = Debug|Any CPU
		{3BBDEC7A-3461-44D7-8486-68E0DD35EBD1}.Debug|Any CPU.Build.0 = Debug|Any CPU
		{3BBDEC7A-3461-44D7-8486-68E0DD35EBD1}.Release|Any CPU.ActiveCfg = Release|Any CPU
		{3BBDEC7A-3461-44D7-8486-68E0DD35EBD1}.Release|Any CPU.Build.0 = Release|Any CPU
	EndGlobalSection
	GlobalSection(SolutionProperties) = preSolution
		HideSolutionNode = FALSE
	EndGlobalSection
	GlobalSection(ExtensibilityGlobals) = postSolution
		SolutionGuid = {DC61EF76-B04C-4B45-99F8-DBF98679A9ED}
	EndGlobalSection
EndGlobal
